
Microsoft Visual Studio Solution File, Format Version 10.00
# Visual Studio 2008
Project("{FAE04EC0-301F-11D3-BF4B-00C04F79EFBC}") = "Input113", "Input113\Input113.csproj", "{6FB0C213-E738-41B0-AE15-B24A91D21323}"
EndProject
Global
	GlobalSection(SolutionConfigurationPlatforms) = preSolution
		Debug|Any CPU = Debug|Any CPU
		Release|Any CPU = Release|Any CPU
	EndGlobalSection
	GlobalSection(ProjectConfigurationPlatforms) = postSolution
		{6FB0C213-E738-41B0-AE15-B24A91D21323}.Debug|Any CPU.ActiveCfg = Debug|Any CPU
		{6FB0C213-E738-41B0-AE15-B24A91D21323}.Debug|Any CPU.Build.0 = Debug|Any CPU
		{6FB0C213-E738-41B0-AE15-B24A91D21323}.Release|Any CPU.ActiveCfg = Release|Any CPU
		{6FB0C213-E738-41B0-AE15-B24A91D21323}.Release|Any CPU.Build.0 = Release|Any CPU
	EndGlobalSection
	GlobalSection(SolutionProperties) = preSolution
		HideSolutionNode = FALSE
	EndGlobalSection
EndGlobal
