
Microsoft Visual Studio Solution File, Format Version 10.00
# Visual Studio 2008
Project("{FAE04EC0-301F-11D3-BF4B-00C04F79EFBC}") = "Laps timer1", "Laps timer1\Laps timer1.csproj", "{EE0E386E-20E5-40B8-A589-16D6D93456AB}"
EndProject
Global
	GlobalSection(SolutionConfigurationPlatforms) = preSolution
		Debug|Any CPU = Debug|Any CPU
		Release|Any CPU = Release|Any CPU
	EndGlobalSection
	GlobalSection(ProjectConfigurationPlatforms) = postSolution
		{EE0E386E-20E5-40B8-A589-16D6D93456AB}.Debug|Any CPU.ActiveCfg = Debug|Any CPU
		{EE0E386E-20E5-40B8-A589-16D6D93456AB}.Debug|Any CPU.Build.0 = Debug|Any CPU
		{EE0E386E-20E5-40B8-A589-16D6D93456AB}.Release|Any CPU.ActiveCfg = Release|Any CPU
		{EE0E386E-20E5-40B8-A589-16D6D93456AB}.Release|Any CPU.Build.0 = Release|Any CPU
	EndGlobalSection
	GlobalSection(SolutionProperties) = preSolution
		HideSolutionNode = FALSE
	EndGlobalSection
EndGlobal
